
Microsoft Visual Studio Solution File, Format Version 12.00
# Visual Studio Version 17
VisualStudioVersion = 17.0.31903.59
MinimumVisualStudioVersion = 10.0.40219.1
Project("{2150E333-8FDC-42A3-9474-1A3956D46DE8}") = "gateway", "gateway", "{E7BDDBC6-9FD1-D1D7-ACD8-2C4F8E3D2461}"
EndProject
Project("{2150E333-8FDC-42A3-9474-1A3956D46DE8}") = "src", "src", "{F8691A4F-CEDB-1E15-E612-3146EE04F3E3}"
EndProject
Project("{FAE04EC0-301F-11D3-BF4B-00C04F79EFBC}") = "EventPulse.Gateway", "gateway\src\EventPulse.Gateway\EventPulse.Gateway.csproj", "{DCC01261-FA3F-4F93-BB4D-8D1DF4CFB4E1}"
EndProject
Project("{2150E333-8FDC-42A3-9474-1A3956D46DE8}") = "services", "services", "{5854FF58-B8C5-05C6-5BF2-ACE42193F22B}"
EndProject
Project("{2150E333-8FDC-42A3-9474-1A3956D46DE8}") = "identity-service", "identity-service", "{A86387A1-6CB7-E87F-8D97-922B56EDCEFC}"
EndProject
Project("{2150E333-8FDC-42A3-9474-1A3956D46DE8}") = "src", "src", "{B16E37B7-9997-3A69-15CC-2776E4DDC1AC}"
EndProject
Project("{FAE04EC0-301F-11D3-BF4B-00C04F79EFBC}") = "EventPulse.IdentityService", "services\identity-service\src\EventPulse.IdentityService\EventPulse.IdentityService.csproj", "{7B2E7880-B171-4236-9904-735D444863C1}"
EndProject
Project("{2150E333-8FDC-42A3-9474-1A3956D46DE8}") = "event-service", "event-service", "{751181BC-5A9F-5486-0145-0CE478EF142B}"
EndProject
Project("{2150E333-8FDC-42A3-9474-1A3956D46DE8}") = "src", "src", "{022F9727-1724-6EA4-7D4E-A449A0C3C870}"
EndProject
Project("{FAE04EC0-301F-11D3-BF4B-00C04F79EFBC}") = "EventPulse.EventService", "services\event-service\src\EventPulse.EventService\EventPulse.EventService.csproj", "{1A123D2E-5FDD-4DED-9C9D-55961AC3CF6E}"
EndProject
Project("{2150E333-8FDC-42A3-9474-1A3956D46DE8}") = "booking-service", "booking-service", "{CC5D28CF-3C75-C13E-40D5-B8349E0FD479}"
EndProject
Project("{2150E333-8FDC-42A3-9474-1A3956D46DE8}") = "src", "src", "{4E837F21-A045-0713-F212-7E1E369B0281}"
EndProject
Project("{FAE04EC0-301F-11D3-BF4B-00C04F79EFBC}") = "EventPulse.BookingService", "services\booking-service\src\EventPulse.BookingService\EventPulse.BookingService.csproj", "{26DD532B-D770-4CAC-A881-49E907FE04EF}"
EndProject
Project("{2150E333-8FDC-42A3-9474-1A3956D46DE8}") = "payment-service", "payment-service", "{4E227855-4648-962A-E790-FD207C358556}"
EndProject
Project("{2150E333-8FDC-42A3-9474-1A3956D46DE8}") = "src", "src", "{03EE6DBE-0A8E-9120-5D6A-D39196E6AA85}"
EndProject
Project("{FAE04EC0-301F-11D3-BF4B-00C04F79EFBC}") = "EventPulse.PaymentService", "services\payment-service\src\EventPulse.PaymentService\EventPulse.PaymentService.csproj", "{C6E12424-7462-4D69-85DA-A9DE6299DCC3}"
EndProject
Project("{2150E333-8FDC-42A3-9474-1A3956D46DE8}") = "tests", "tests", "{8B9A4CE7-C63C-2C30-32DD-7937E6868EBD}"
EndProject
Project("{FAE04EC0-301F-11D3-BF4B-00C04F79EFBC}") = "EventPulse.IdentityService.Tests", "services\identity-service\tests\EventPulse.IdentityService.Tests\EventPulse.IdentityService.Tests.csproj", "{E3C98C0A-D3D9-4626-8351-60FFCB4D8F69}"
EndProject
Project("{2150E333-8FDC-42A3-9474-1A3956D46DE8}") = "tests", "tests", "{7E9BB99F-9228-9A3D-71E0-EEAA38D9DEB6}"
EndProject
Project("{FAE04EC0-301F-11D3-BF4B-00C04F79EFBC}") = "EventPulse.EventService.Tests", "services\event-service\tests\EventPulse.EventService.Tests\EventPulse.EventService.Tests.csproj", "{A699C775-A660-460B-B9E3-BF762B23A008}"
EndProject
Project("{2150E333-8FDC-42A3-9474-1A3956D46DE8}") = "tests", "tests", "{8E76F23C-0B2F-03BD-D523-016FEA6A6E9B}"
EndProject
Project("{FAE04EC0-301F-11D3-BF4B-00C04F79EFBC}") = "EventPulse.BookingService.Tests", "services\booking-service\tests\EventPulse.BookingService.Tests\EventPulse.BookingService.Tests.csproj", "{8F0418A0-66ED-4F1D-A066-6489E0758D43}"
EndProject
Project("{2150E333-8FDC-42A3-9474-1A3956D46DE8}") = "tests", "tests", "{04EBE804-8C1E-6C2A-A062-3EF7AF376467}"
EndProject
Project("{FAE04EC0-301F-11D3-BF4B-00C04F79EFBC}") = "EventPulse.PaymentService.Tests", "services\payment-service\tests\EventPulse.PaymentService.Tests\EventPulse.PaymentService.Tests.csproj", "{3CCF095B-E13F-4F83-81E1-D76FC7E92580}"
EndProject
Global
	GlobalSection(SolutionConfigurationPlatforms) = preSolution
		Debug|Any CPU = Debug|Any CPU
		Debug|x64 = Debug|x64
		Debug|x86 = Debug|x86
		Release|Any CPU = Release|Any CPU
		Release|x64 = Release|x64
		Release|x86 = Release|x86
	EndGlobalSection
	GlobalSection(ProjectConfigurationPlatforms) = postSolution
		{DCC01261-FA3F-4F93-BB4D-8D1DF4CFB4E1}.Debug|Any CPU.ActiveCfg = Debug|Any CPU
		{DCC01261-FA3F-4F93-BB4D-8D1DF4CFB4E1}.Debug|Any CPU.Build.0 = Debug|Any CPU
		{DCC01261-FA3F-4F93-BB4D-8D1DF4CFB4E1}.Debug|x64.ActiveCfg = Debug|Any CPU
		{DCC01261-FA3F-4F93-BB4D-8D1DF4CFB4E1}.Debug|x64.Build.0 = Debug|Any CPU
		{DCC01261-FA3F-4F93-BB4D-8D1DF4CFB4E1}.Debug|x86.ActiveCfg = Debug|Any CPU
		{DCC01261-FA3F-4F93-BB4D-8D1DF4CFB4E1}.Debug|x86.Build.0 = Debug|Any CPU
		{DCC01261-FA3F-4F93-BB4D-8D1DF4CFB4E1}.Release|Any CPU.ActiveCfg = Release|Any CPU
		{DCC01261-FA3F-4F93-BB4D-8D1DF4CFB4E1}.Release|Any CPU.Build.0 = Release|Any CPU
		{DCC01261-FA3F-4F93-BB4D-8D1DF4CFB4E1}.Release|x64.ActiveCfg = Release|Any CPU
		{DCC01261-FA3F-4F93-BB4D-8D1DF4CFB4E1}.Release|x64.Build.0 = Release|Any CPU
		{DCC01261-FA3F-4F93-BB4D-8D1DF4CFB4E1}.Release|x86.ActiveCfg = Release|Any CPU
		{DCC01261-FA3F-4F93-BB4D-8D1DF4CFB4E1}.Release|x86.Build.0 = Release|Any CPU
		{7B2E7880-B171-4236-9904-735D444863C1}.Debug|Any CPU.ActiveCfg = Debug|Any CPU
		{7B2E7880-B171-4236-9904-735D444863C1}.Debug|Any CPU.Build.0 = Debug|Any CPU
		{7B2E7880-B171-4236-9904-735D444863C1}.Debug|x64.ActiveCfg = Debug|Any CPU
		{7B2E7880-B171-4236-9904-735D444863C1}.Debug|x64.Build.0 = Debug|Any CPU
		{7B2E7880-B171-4236-9904-735D444863C1}.Debug|x86.ActiveCfg = Debug|Any CPU
		{7B2E7880-B171-4236-9904-735D444863C1}.Debug|x86.Build.0 = Debug|Any CPU
		{7B2E7880-B171-4236-9904-735D444863C1}.Release|Any CPU.ActiveCfg = Release|Any CPU
		{7B2E7880-B171-4236-9904-735D444863C1}.Release|Any CPU.Build.0 = Release|Any CPU
		{7B2E7880-B171-4236-9904-735D444863C1}.Release|x64.ActiveCfg = Release|Any CPU
		{7B2E7880-B171-4236-9904-735D444863C1}.Release|x64.Build.0 = Release|Any CPU
		{7B2E7880-B171-4236-9904-735D444863C1}.Release|x86.ActiveCfg = Release|Any CPU
		{7B2E7880-B171-4236-9904-735D444863C1}.Release|x86.Build.0 = Release|Any CPU
		{1A123D2E-5FDD-4DED-9C9D-55961AC3CF6E}.Debug|Any CPU.ActiveCfg = Debug|Any CPU
		{1A123D2E-5FDD-4DED-9C9D-55961AC3CF6E}.Debug|Any CPU.Build.0 = Debug|Any CPU
		{1A123D2E-5FDD-4DED-9C9D-55961AC3CF6E}.Debug|x64.ActiveCfg = Debug|Any CPU
		{1A123D2E-5FDD-4DED-9C9D-55961AC3CF6E}.Debug|x64.Build.0 = Debug|Any CPU
		{1A123D2E-5FDD-4DED-9C9D-55961AC3CF6E}.Debug|x86.ActiveCfg = Debug|Any CPU
		{1A123D2E-5FDD-4DED-9C9D-55961AC3CF6E}.Debug|x86.Build.0 = Debug|Any CPU
		{1A123D2E-5FDD-4DED-9C9D-55961AC3CF6E}.Release|Any CPU.ActiveCfg = Release|Any CPU
		{1A123D2E-5FDD-4DED-9C9D-55961AC3CF6E}.Release|Any CPU.Build.0 = Release|Any CPU
		{1A123D2E-5FDD-4DED-9C9D-55961AC3CF6E}.Release|x64.ActiveCfg = Release|Any CPU
		{1A123D2E-5FDD-4DED-9C9D-55961AC3CF6E}.Release|x64.Build.0 = Release|Any CPU
		{1A123D2E-5FDD-4DED-9C9D-55961AC3CF6E}.Release|x86.ActiveCfg = Release|Any CPU
		{1A123D2E-5FDD-4DED-9C9D-55961AC3CF6E}.Release|x86.Build.0 = Release|Any CPU
		{26DD532B-D770-4CAC-A881-49E907FE04EF}.Debug|Any CPU.ActiveCfg = Debug|Any CPU
		{26DD532B-D770-4CAC-A881-49E907FE04EF}.Debug|Any CPU.Build.0 = Debug|Any CPU
		{26DD532B-D770-4CAC-A881-49E907FE04EF}.Debug|x64.ActiveCfg = Debug|Any CPU
		{26DD532B-D770-4CAC-A881-49E907FE04EF}.Debug|x64.Build.0 = Debug|Any CPU
		{26DD532B-D770-4CAC-A881-49E907FE04EF}.Debug|x86.ActiveCfg = Debug|Any CPU
		{26DD532B-D770-4CAC-A881-49E907FE04EF}.Debug|x86.Build.0 = Debug|Any CPU
		{26DD532B-D770-4CAC-A881-49E907FE04EF}.Release|Any CPU.ActiveCfg = Release|Any CPU
		{26DD532B-D770-4CAC-A881-49E907FE04EF}.Release|Any CPU.Build.0 = Release|Any CPU
		{26DD532B-D770-4CAC-A881-49E907FE04EF}.Release|x64.ActiveCfg = Release|Any CPU
		{26DD532B-D770-4CAC-A881-49E907FE04EF}.Release|x64.Build.0 = Release|Any CPU
		{26DD532B-D770-4CAC-A881-49E907FE04EF}.Release|x86.ActiveCfg = Release|Any CPU
		{26DD532B-D770-4CAC-A881-49E907FE04EF}.Release|x86.Build.0 = Release|Any CPU
		{C6E12424-7462-4D69-85DA-A9DE6299DCC3}.Debug|Any CPU.ActiveCfg = Debug|Any CPU
		{C6E12424-7462-4D69-85DA-A9DE6299DCC3}.Debug|Any CPU.Build.0 = Debug|Any CPU
		{C6E12424-7462-4D69-85DA-A9DE6299DCC3}.Debug|x64.ActiveCfg = Debug|Any CPU
		{C6E12424-7462-4D69-85DA-A9DE6299DCC3}.Debug|x64.Build.0 = Debug|Any CPU
		{C6E12424-7462-4D69-85DA-A9DE6299DCC3}.Debug|x86.ActiveCfg = Debug|Any CPU
		{C6E12424-7462-4D69-85DA-A9DE6299DCC3}.Debug|x86.Build.0 = Debug|Any CPU
		{C6E12424-7462-4D69-85DA-A9DE6299DCC3}.Release|Any CPU.ActiveCfg = Release|Any CPU
		{C6E12424-7462-4D69-85DA-A9DE6299DCC3}.Release|Any CPU.Build.0 = Release|Any CPU
		{C6E12424-7462-4D69-85DA-A9DE6299DCC3}.Release|x64.ActiveCfg = Release|Any CPU
		{C6E12424-7462-4D69-85DA-A9DE6299DCC3}.Release|x64.Build.0 = Release|Any CPU
		{C6E12424-7462-4D69-85DA-A9DE6299DCC3}.Release|x86.ActiveCfg = Release|Any CPU
		{C6E12424-7462-4D69-85DA-A9DE6299DCC3}.Release|x86.Build.0 = Release|Any CPU
		{E3C98C0A-D3D9-4626-8351-60FFCB4D8F69}.Debug|Any CPU.ActiveCfg = Debug|Any CPU
		{E3C98C0A-D3D9-4626-8351-60FFCB4D8F69}.Debug|Any CPU.Build.0 = Debug|Any CPU
		{E3C98C0A-D3D9-4626-8351-60FFCB4D8F69}.Debug|x64.ActiveCfg = Debug|Any CPU
		{E3C98C0A-D3D9-4626-8351-60FFCB4D8F69}.Debug|x64.Build.0 = Debug|Any CPU
		{E3C98C0A-D3D9-4626-8351-60FFCB4D8F69}.Debug|x86.ActiveCfg = Debug|Any CPU
		{E3C98C0A-D3D9-4626-8351-60FFCB4D8F69}.Debug|x86.Build.0 = Debug|Any CPU
		{E3C98C0A-D3D9-4626-8351-60FFCB4D8F69}.Release|Any CPU.ActiveCfg = Release|Any CPU
		{E3C98C0A-D3D9-4626-8351-60FFCB4D8F69}.Release|Any CPU.Build.0 = Release|Any CPU
		{E3C98C0A-D3D9-4626-8351-60FFCB4D8F69}.Release|x64.ActiveCfg = Release|Any CPU
		{E3C98C0A-D3D9-4626-8351-60FFCB4D8F69}.Release|x64.Build.0 = Release|Any CPU
		{E3C98C0A-D3D9-4626-8351-60FFCB4D8F69}.Release|x86.ActiveCfg = Release|Any CPU
		{E3C98C0A-D3D9-4626-8351-60FFCB4D8F69}.Release|x86.Build.0 = Release|Any CPU
		{A699C775-A660-460B-B9E3-BF762B23A008}.Debug|Any CPU.ActiveCfg = Debug|Any CPU
		{A699C775-A660-460B-B9E3-BF762B23A008}.Debug|Any CPU.Build.0 = Debug|Any CPU
		{A699C775-A660-460B-B9E3-BF762B23A008}.Debug|x64.ActiveCfg = Debug|Any CPU
		{A699C775-A660-460B-B9E3-BF762B23A008}.Debug|x64.Build.0 = Debug|Any CPU
		{A699C775-A660-460B-B9E3-BF762B23A008}.Debug|x86.ActiveCfg = Debug|Any CPU
		{A699C775-A660-460B-B9E3-BF762B23A008}.Debug|x86.Build.0 = Debug|Any CPU
		{A699C775-A660-460B-B9E3-BF762B23A008}.Release|Any CPU.ActiveCfg = Release|Any CPU
		{A699C775-A660-460B-B9E3-BF762B23A008}.Release|Any CPU.Build.0 = Release|Any CPU
		{A699C775-A660-460B-B9E3-BF762B23A008}.Release|x64.ActiveCfg = Release|Any CPU
		{A699C775-A660-460B-B9E3-BF762B23A008}.Release|x64.Build.0 = Release|Any CPU
		{A699C775-A660-460B-B9E3-BF762B23A008}.Release|x86.ActiveCfg = Release|Any CPU
		{A699C775-A660-460B-B9E3-BF762B23A008}.Release|x86.Build.0 = Release|Any CPU
		{8F0418A0-66ED-4F1D-A066-6489E0758D43}.Debug|Any CPU.ActiveCfg = Debug|Any CPU
		{8F0418A0-66ED-4F1D-A066-6489E0758D43}.Debug|Any CPU.Build.0 = Debug|Any CPU
		{8F0418A0-66ED-4F1D-A066-6489E0758D43}.Debug|x64.ActiveCfg = Debug|Any CPU
		{8F0418A0-66ED-4F1D-A066-6489E0758D43}.Debug|x64.Build.0 = Debug|Any CPU
		{8F0418A0-66ED-4F1D-A066-6489E0758D43}.Debug|x86.ActiveCfg = Debug|Any CPU
		{8F0418A0-66ED-4F1D-A066-6489E0758D43}.Debug|x86.Build.0 = Debug|Any CPU
		{8F0418A0-66ED-4F1D-A066-6489E0758D43}.Release|Any CPU.ActiveCfg = Release|Any CPU
		{8F0418A0-66ED-4F1D-A066-6489E0758D43}.Release|Any CPU.Build.0 = Release|Any CPU
		{8F0418A0-66ED-4F1D-A066-6489E0758D43}.Release|x64.ActiveCfg = Release|Any CPU
		{8F0418A0-66ED-4F1D-A066-6489E0758D43}.Release|x64.Build.0 = Release|Any CPU
		{8F0418A0-66ED-4F1D-A066-6489E0758D43}.Release|x86.ActiveCfg = Release|Any CPU
		{8F0418A0-66ED-4F1D-A066-6489E0758D43}.Release|x86.Build.0 = Release|Any CPU
		{3CCF095B-E13F-4F83-81E1-D76FC7E92580}.Debug|Any CPU.ActiveCfg = Debug|Any CPU
		{3CCF095B-E13F-4F83-81E1-D76FC7E92580}.Debug|Any CPU.Build.0 = Debug|Any CPU
		{3CCF095B-E13F-4F83-81E1-D76FC7E92580}.Debug|x64.ActiveCfg = Debug|Any CPU
		{3CCF095B-E13F-4F83-81E1-D76FC7E92580}.Debug|x64.Build.0 = Debug|Any CPU
		{3CCF095B-E13F-4F83-81E1-D76FC7E92580}.Debug|x86.ActiveCfg = Debug|Any CPU
		{3CCF095B-E13F-4F83-81E1-D76FC7E92580}.Debug|x86.Build.0 = Debug|Any CPU
		{3CCF095B-E13F-4F83-81E1-D76FC7E92580}.Release|Any CPU.ActiveCfg = Release|Any CPU
		{3CCF095B-E13F-4F83-81E1-D76FC7E92580}.Release|Any CPU.Build.0 = Release|Any CPU
		{3CCF095B-E13F-4F83-81E1-D76FC7E92580}.Release|x64.ActiveCfg = Release|Any CPU
		{3CCF095B-E13F-4F83-81E1-D76FC7E92580}.Release|x64.Build.0 = Release|Any CPU
		{3CCF095B-E13F-4F83-81E1-D76FC7E92580}.Release|x86.ActiveCfg = Release|Any CPU
		{3CCF095B-E13F-4F83-81E1-D76FC7E92580}.Release|x86.Build.0 = Release|Any CPU
	EndGlobalSection
	GlobalSection(SolutionProperties) = preSolution
		HideSolutionNode = FALSE
	EndGlobalSection
	GlobalSection(NestedProjects) = preSolution
		{F8691A4F-CEDB-1E15-E612-3146EE04F3E3} = {E7BDDBC6-9FD1-D1D7-ACD8-2C4F8E3D2461}
		{DCC01261-FA3F-4F93-BB4D-8D1DF4CFB4E1} = {F8691A4F-CEDB-1E15-E612-3146EE04F3E3}
		{A86387A1-6CB7-E87F-8D97-922B56EDCEFC} = {5854FF58-B8C5-05C6-5BF2-ACE42193F22B}
		{B16E37B7-9997-3A69-15CC-2776E4DDC1AC} = {A86387A1-6CB7-E87F-8D97-922B56EDCEFC}
		{7B2E7880-B171-4236-9904-735D444863C1} = {B16E37B7-9997-3A69-15CC-2776E4DDC1AC}
		{751181BC-5A9F-5486-0145-0CE478EF142B} = {5854FF58-B8C5-05C6-5BF2-ACE42193F22B}
		{022F9727-1724-6EA4-7D4E-A449A0C3C870} = {751181BC-5A9F-5486-0145-0CE478EF142B}
		{1A123D2E-5FDD-4DED-9C9D-55961AC3CF6E} = {022F9727-1724-6EA4-7D4E-A449A0C3C870}
		{CC5D28CF-3C75-C13E-40D5-B8349E0FD479} = {5854FF58-B8C5-05C6-5BF2-ACE42193F22B}
		{4E837F21-A045-0713-F212-7E1E369B0281} = {CC5D28CF-3C75-C13E-40D5-B8349E0FD479}
		{26DD532B-D770-4CAC-A881-49E907FE04EF} = {4E837F21-A045-0713-F212-7E1E369B0281}
		{4E227855-4648-962A-E790-FD207C358556} = {5854FF58-B8C5-05C6-5BF2-ACE42193F22B}
		{03EE6DBE-0A8E-9120-5D6A-D39196E6AA85} = {4E227855-4648-962A-E790-FD207C358556}
		{C6E12424-7462-4D69-85DA-A9DE6299DCC3} = {03EE6DBE-0A8E-9120-5D6A-D39196E6AA85}
		{8B9A4CE7-C63C-2C30-32DD-7937E6868EBD} = {A86387A1-6CB7-E87F-8D97-922B56EDCEFC}
		{E3C98C0A-D3D9-4626-8351-60FFCB4D8F69} = {8B9A4CE7-C63C-2C30-32DD-7937E6868EBD}
		{7E9BB99F-9228-9A3D-71E0-EEAA38D9DEB6} = {751181BC-5A9F-5486-0145-0CE478EF142B}
		{A699C775-A660-460B-B9E3-BF762B23A008} = {7E9BB99F-9228-9A3D-71E0-EEAA38D9DEB6}
		{8E76F23C-0B2F-03BD-D523-016FEA6A6E9B} = {CC5D28CF-3C75-C13E-40D5-B8349E0FD479}
		{8F0418A0-66ED-4F1D-A066-6489E0758D43} = {8E76F23C-0B2F-03BD-D523-016FEA6A6E9B}
		{04EBE804-8C1E-6C2A-A062-3EF7AF376467} = {4E227855-4648-962A-E790-FD207C358556}
		{3CCF095B-E13F-4F83-81E1-D76FC7E92580} = {04EBE804-8C1E-6C2A-A062-3EF7AF376467}
	EndGlobalSection
EndGlobal
